
Microsoft Visual Studio Solution File, Format Version 12.00
# Visual Studio Version 16
VisualStudioVersion = 16.0.30717.126
MinimumVisualStudioVersion = 10.0.40219.1
Project("{FAE04EC0-301F-11D3-BF4B-00C04F79EFBC}") = "GraphInXamarinForms.Android", "GraphInXamarinForms\GraphInXamarinForms.Android\GraphInXamarinForms.Android.csproj", "{3DAF8447-2493-4B22-A51D-917912C4ABD2}"
EndProject
Project("{FAE04EC0-301F-11D3-BF4B-00C04F79EFBC}") = "GraphInXamarinForms.iOS", "GraphInXamarinForms\GraphInXamarinForms.iOS\GraphInXamarinForms.iOS.csproj", "{E382A87C-EBCE-4550-A4B4-A75F2F068479}"
EndProject
Project("{FAE04EC0-301F-11D3-BF4B-00C04F79EFBC}") = "GraphInXamarinForms", "GraphInXamarinForms\GraphInXamarinForms\GraphInXamarinForms.csproj", "{C8143539-AA7A-4AEE-A06A-9DFBB236D53F}"
EndProject
Global
	GlobalSection(SolutionConfigurationPlatforms) = preSolution
		Debug|Any CPU = Debug|Any CPU
		Debug|iPhone = Debug|iPhone
		Debug|iPhoneSimulator = Debug|iPhoneSimulator
		Release|Any CPU = Release|Any CPU
		Release|iPhone = Release|iPhone
		Release|iPhoneSimulator = Release|iPhoneSimulator
	EndGlobalSection
	GlobalSection(ProjectConfigurationPlatforms) = postSolution
		{3DAF8447-2493-4B22-A51D-917912C4ABD2}.Debug|Any CPU.ActiveCfg = Debug|Any CPU
		{3DAF8447-2493-4B22-A51D-917912C4ABD2}.Debug|Any CPU.Build.0 = Debug|Any CPU
		{3DAF8447-2493-4B22-A51D-917912C4ABD2}.Debug|Any CPU.Deploy.0 = Debug|Any CPU
		{3DAF8447-2493-4B22-A51D-917912C4ABD2}.Debug|iPhone.ActiveCfg = Debug|Any CPU
		{3DAF8447-2493-4B22-A51D-917912C4ABD2}.Debug|iPhone.Build.0 = Debug|Any CPU
		{3DAF8447-2493-4B22-A51D-917912C4ABD2}.Debug|iPhone.Deploy.0 = Debug|Any CPU
		{3DAF8447-2493-4B22-A51D-917912C4ABD2}.Debug|iPhoneSimulator.ActiveCfg = Debug|Any CPU
		{3DAF8447-2493-4B22-A51D-917912C4ABD2}.Debug|iPhoneSimulator.Build.0 = Debug|Any CPU
		{3DAF8447-2493-4B22-A51D-917912C4ABD2}.Debug|iPhoneSimulator.Deploy.0 = Debug|Any CPU
		{3DAF8447-2493-4B22-A51D-917912C4ABD2}.Release|Any CPU.ActiveCfg = Release|Any CPU
		{3DAF8447-2493-4B22-A51D-917912C4ABD2}.Release|Any CPU.Build.0 = Release|Any CPU
		{3DAF8447-2493-4B22-A51D-917912C4ABD2}.Release|Any CPU.Deploy.0 = Release|Any CPU
		{3DAF8447-2493-4B22-A51D-917912C4ABD2}.Release|iPhone.ActiveCfg = Release|Any CPU
		{3DAF8447-2493-4B22-A51D-917912C4ABD2}.Release|iPhone.Build.0 = Release|Any CPU
		{3DAF8447-2493-4B22-A51D-917912C4ABD2}.Release|iPhone.Deploy.0 = Release|Any CPU
		{3DAF8447-2493-4B22-A51D-917912C4ABD2}.Release|iPhoneSimulator.ActiveCfg = Release|Any CPU
		{3DAF8447-2493-4B22-A51D-917912C4ABD2}.Release|iPhoneSimulator.Build.0 = Release|Any CPU
		{3DAF8447-2493-4B22-A51D-917912C4ABD2}.Release|iPhoneSimulator.Deploy.0 = Release|Any CPU
		{E382A87C-EBCE-4550-A4B4-A75F2F068479}.Debug|Any CPU.ActiveCfg = Debug|iPhone
		{E382A87C-EBCE-4550-A4B4-A75F2F068479}.Debug|Any CPU.Build.0 = Debug|iPhone
		{E382A87C-EBCE-4550-A4B4-A75F2F068479}.Debug|Any CPU.Deploy.0 = Debug|iPhone
		{E382A87C-EBCE-4550-A4B4-A75F2F068479}.Debug|iPhone.ActiveCfg = Debug|iPhone
		{E382A87C-EBCE-4550-A4B4-A75F2F068479}.Debug|iPhone.Build.0 = Debug|iPhone
		{E382A87C-EBCE-4550-A4B4-A75F2F068479}.Debug|iPhone.Deploy.0 = Debug|iPhone
		{E382A87C-EBCE-4550-A4B4-A75F2F068479}.Debug|iPhoneSimulator.ActiveCfg = Debug|iPhoneSimulator
		{E382A87C-EBCE-4550-A4B4-A75F2F068479}.Debug|iPhoneSimulator.Build.0 = Debug|iPhoneSimulator
		{E382A87C-EBCE-4550-A4B4-A75F2F068479}.Debug|iPhoneSimulator.Deploy.0 = Debug|iPhoneSimulator
		{E382A87C-EBCE-4550-A4B4-A75F2F068479}.Release|Any CPU.ActiveCfg = Release|iPhoneSimulator
		{E382A87C-EBCE-4550-A4B4-A75F2F068479}.Release|Any CPU.Build.0 = Release|iPhoneSimulator
		{E382A87C-EBCE-4550-A4B4-A75F2F068479}.Release|Any CPU.Deploy.0 = Release|iPhoneSimulator
		{E382A87C-EBCE-4550-A4B4-A75F2F068479}.Release|iPhone.ActiveCfg = Release|iPhone
		{E382A87C-EBCE-4550-A4B4-A75F2F068479}.Release|iPhone.Build.0 = Release|iPhone
		{E382A87C-EBCE-4550-A4B4-A75F2F068479}.Release|iPhone.Deploy.0 = Release|iPhone
		{E382A87C-EBCE-4550-A4B4-A75F2F068479}.Release|iPhoneSimulator.ActiveCfg = Release|iPhoneSimulator
		{E382A87C-EBCE-4550-A4B4-A75F2F068479}.Release|iPhoneSimulator.Build.0 = Release|iPhoneSimulator
		{E382A87C-EBCE-4550-A4B4-A75F2F068479}.Release|iPhoneSimulator.Deploy.0 = Release|iPhoneSimulator
		{C8143539-AA7A-4AEE-A06A-9DFBB236D53F}.Debug|Any CPU.ActiveCfg = Debug|Any CPU
		{C8143539-AA7A-4AEE-A06A-9DFBB236D53F}.Debug|Any CPU.Build.0 = Debug|Any CPU
		{C8143539-AA7A-4AEE-A06A-9DFBB236D53F}.Debug|Any CPU.Deploy.0 = Debug|Any CPU
		{C8143539-AA7A-4AEE-A06A-9DFBB236D53F}.Debug|iPhone.ActiveCfg = Debug|Any CPU
		{C8143539-AA7A-4AEE-A06A-9DFBB236D53F}.Debug|iPhone.Build.0 = Debug|Any CPU
		{C8143539-AA7A-4AEE-A06A-9DFBB236D53F}.Debug|iPhone.Deploy.0 = Debug|Any CPU
		{C8143539-AA7A-4AEE-A06A-9DFBB236D53F}.Debug|iPhoneSimulator.ActiveCfg = Debug|Any CPU
		{C8143539-AA7A-4AEE-A06A-9DFBB236D53F}.Debug|iPhoneSimulator.Build.0 = Debug|Any CPU
		{C8143539-AA7A-4AEE-A06A-9DFBB236D53F}.Debug|iPhoneSimulator.Deploy.0 = Debug|Any CPU
		{C8143539-AA7A-4AEE-A06A-9DFBB236D53F}.Release|Any CPU.ActiveCfg = Release|Any CPU
		{C8143539-AA7A-4AEE-A06A-9DFBB236D53F}.Release|Any CPU.Build.0 = Release|Any CPU
		{C8143539-AA7A-4AEE-A06A-9DFBB236D53F}.Release|Any CPU.Deploy.0 = Release|Any CPU
		{C8143539-AA7A-4AEE-A06A-9DFBB236D53F}.Release|iPhone.ActiveCfg = Release|Any CPU
		{C8143539-AA7A-4AEE-A06A-9DFBB236D53F}.Release|iPhone.Build.0 = Release|Any CPU
		{C8143539-AA7A-4AEE-A06A-9DFBB236D53F}.Release|iPhone.Deploy.0 = Release|Any CPU
		{C8143539-AA7A-4AEE-A06A-9DFBB236D53F}.Release|iPhoneSimulator.ActiveCfg = Release|Any CPU
		{C8143539-AA7A-4AEE-A06A-9DFBB236D53F}.Release|iPhoneSimulator.Build.0 = Release|Any CPU
		{C8143539-AA7A-4AEE-A06A-9DFBB236D53F}.Release|iPhoneSimulator.Deploy.0 = Release|Any CPU
	EndGlobalSection
	GlobalSection(SolutionProperties) = preSolution
		HideSolutionNode = FALSE
	EndGlobalSection
	GlobalSection(ExtensibilityGlobals) = postSolution
		SolutionGuid = {383F23EB-A781-4135-8AB8-03AF176D7492}
	EndGlobalSection
EndGlobal
